// !$*UTF8*$!
{
	archiveVersion = 1;
	classes = {
	};
	objectVersion = 46;
	objects = {

/* Begin PBXBuildFile section */
		18B684F706944F2000CC6A1E /* 4DPluginAPI.h in Headers */ = {isa = PBXBuildFile; fileRef = 18B684F006944F2000CC6A1E /* 4DPluginAPI.h */; };
		18B684F806944F2000CC6A1E /* EntryPoints.h in Headers */ = {isa = PBXBuildFile; fileRef = 18B684F106944F2000CC6A1E /* EntryPoints.h */; };
		18B684F906944F2000CC6A1E /* Flags.h in Headers */ = {isa = PBXBuildFile; fileRef = 18B684F206944F2000CC6A1E /* Flags.h */; };
		18B684FA06944F2000CC6A1E /* PrivateTypes.h in Headers */ = {isa = PBXBuildFile; fileRef = 18B684F306944F2000CC6A1E /* PrivateTypes.h */; };
		18B684FB06944F2000CC6A1E /* PublicTypes.h in Headers */ = {isa = PBXBuildFile; fileRef = 18B684F406944F2000CC6A1E /* PublicTypes.h */; };
		18B684FF06944F8800CC6A1E /* 4DPlugin-SOCI.cpp in Sources */ = {isa = PBXBuildFile; fileRef = 18B684FE06944F8800CC6A1E /* 4DPlugin-SOCI.cpp */; };
		8D01CCCA0486CAD60068D4B7 /* InfoPlist.strings in Resources */ = {isa = PBXBuildFile; fileRef = 089C167DFE841241C02AAC07 /* InfoPlist.strings */; };
		D120937F13534DCC00A72CAA /* 4DPlugin-SOCI.h in Headers */ = {isa = PBXBuildFile; fileRef = D120937E13534DCC00A72CAA /* 4DPlugin-SOCI.h */; };
		D130064F12F02D9700702C0E /* Cocoa.framework in Frameworks */ = {isa = PBXBuildFile; fileRef = D130064E12F02D9700702C0E /* Cocoa.framework */; };
		D13116A91A03ACB700DE1322 /* 4DPluginAPI.c in Sources */ = {isa = PBXBuildFile; fileRef = D13116A81A03ACB700DE1322 /* 4DPluginAPI.c */; settings = {COMPILER_FLAGS = "-Wno-multichar"; }; };
		D134D4AC1A030BA0008D14EF /* manifest.json in CopyFiles */ = {isa = PBXBuildFile; fileRef = D134D4A91A030B06008D14EF /* manifest.json */; };
		D14AC12A2DDC103700977F6A /* 4DPlugin-JSON.cpp in Sources */ = {isa = PBXBuildFile; fileRef = D14AC1292DDC103700977F6A /* 4DPlugin-JSON.cpp */; };
		D14AC12B2DDC103700977F6A /* 4DPlugin-JSON.h in Headers */ = {isa = PBXBuildFile; fileRef = D14AC1282DDC103700977F6A /* 4DPlugin-JSON.h */; };
		D14AC12F2DDC116300977F6A /* C_TEXT.cpp in Sources */ = {isa = PBXBuildFile; fileRef = D14AC12D2DDC116300977F6A /* C_TEXT.cpp */; };
		D14AC1302DDC116300977F6A /* C_TYPES.h in Headers */ = {isa = PBXBuildFile; fileRef = D14AC12E2DDC116300977F6A /* C_TYPES.h */; };
		D14AC1312DDC116300977F6A /* C_TEXT.h in Headers */ = {isa = PBXBuildFile; fileRef = D14AC12C2DDC116300977F6A /* C_TEXT.h */; };
		D14AC1682DDC19B300977F6A /* libsoci_odbc.a in Frameworks */ = {isa = PBXBuildFile; fileRef = D14AC1622DDC19B300977F6A /* libsoci_odbc.a */; };
		D14AC1692DDC19B300977F6A /* libsoci_mysql.a in Frameworks */ = {isa = PBXBuildFile; fileRef = D14AC1632DDC19B300977F6A /* libsoci_mysql.a */; };
		D14AC16A2DDC19B300977F6A /* libsoci_postgresql.a in Frameworks */ = {isa = PBXBuildFile; fileRef = D14AC1642DDC19B300977F6A /* libsoci_postgresql.a */; };
		D14AC16B2DDC19B300977F6A /* libsqlite3.a in Frameworks */ = {isa = PBXBuildFile; fileRef = D14AC1652DDC19B300977F6A /* libsqlite3.a */; };
		D14AC16C2DDC19B300977F6A /* libsoci_core.a in Frameworks */ = {isa = PBXBuildFile; fileRef = D14AC1662DDC19B300977F6A /* libsoci_core.a */; };
		D14AC16D2DDC19B300977F6A /* libsoci_sqlite3.a in Frameworks */ = {isa = PBXBuildFile; fileRef = D14AC1672DDC19B300977F6A /* libsoci_sqlite3.a */; };
		D14AC1722DDC94BC00977F6A /* libpgport.a in Frameworks */ = {isa = PBXBuildFile; fileRef = D14AC16E2DDC94BC00977F6A /* libpgport.a */; };
		D14AC1732DDC94BC00977F6A /* libpgcommon.a in Frameworks */ = {isa = PBXBuildFile; fileRef = D14AC16F2DDC94BC00977F6A /* libpgcommon.a */; };
		D14AC1742DDC94BC00977F6A /* libpq.a in Frameworks */ = {isa = PBXBuildFile; fileRef = D14AC1702DDC94BC00977F6A /* libpq.a */; };
		D14AC1752DDC94BC00977F6A /* libpgtypes.a in Frameworks */ = {isa = PBXBuildFile; fileRef = D14AC1712DDC94BC00977F6A /* libpgtypes.a */; };
		D14AC1922DDC94D700977F6A /* libcrypto.a in Frameworks */ = {isa = PBXBuildFile; fileRef = D14AC1762DDC94D600977F6A /* libcrypto.a */; };
		D14AC1932DDC94D700977F6A /* libboost_program_options.a in Frameworks */ = {isa = PBXBuildFile; fileRef = D14AC1772DDC94D600977F6A /* libboost_program_options.a */; };
		D14AC1942DDC94D700977F6A /* libecpg_compat.a in Frameworks */ = {isa = PBXBuildFile; fileRef = D14AC1782DDC94D600977F6A /* libecpg_compat.a */; };
		D14AC1952DDC94D700977F6A /* libncurses.a in Frameworks */ = {isa = PBXBuildFile; fileRef = D14AC1792DDC94D600977F6A /* libncurses.a */; };
		D14AC1962DDC94D700977F6A /* libmysqlclient.a in Frameworks */ = {isa = PBXBuildFile; fileRef = D14AC17A2DDC94D600977F6A /* libmysqlclient.a */; };
		D14AC1972DDC94D700977F6A /* libboost_serialization.a in Frameworks */ = {isa = PBXBuildFile; fileRef = D14AC17B2DDC94D600977F6A /* libboost_serialization.a */; };
		D14AC1982DDC94D700977F6A /* libboost_atomic.a in Frameworks */ = {isa = PBXBuildFile; fileRef = D14AC17C2DDC94D600977F6A /* libboost_atomic.a */; };
		D14AC1992DDC94D700977F6A /* liblz4.a in Frameworks */ = {isa = PBXBuildFile; fileRef = D14AC17D2DDC94D600977F6A /* liblz4.a */; };
		D14AC19A2DDC94D700977F6A /* libjsoncpp.a in Frameworks */ = {isa = PBXBuildFile; fileRef = D14AC17E2DDC94D600977F6A /* libjsoncpp.a */; };
		D14AC19B2DDC94D700977F6A /* libzstd.a in Frameworks */ = {isa = PBXBuildFile; fileRef = D14AC17F2DDC94D600977F6A /* libzstd.a */; };
		D14AC19C2DDC94D700977F6A /* libz.a in Frameworks */ = {isa = PBXBuildFile; fileRef = D14AC1802DDC94D600977F6A /* libz.a */; };
		D14AC19D2DDC94D700977F6A /* libodbccr.a in Frameworks */ = {isa = PBXBuildFile; fileRef = D14AC1812DDC94D600977F6A /* libodbccr.a */; };
		D14AC19E2DDC94D700977F6A /* libboost_container.a in Frameworks */ = {isa = PBXBuildFile; fileRef = D14AC1822DDC94D600977F6A /* libboost_container.a */; };
		D14AC19F2DDC94D700977F6A /* libmenu.a in Frameworks */ = {isa = PBXBuildFile; fileRef = D14AC1832DDC94D600977F6A /* libmenu.a */; };
		D14AC1A02DDC94D700977F6A /* libboost_wserialization.a in Frameworks */ = {isa = PBXBuildFile; fileRef = D14AC1842DDC94D600977F6A /* libboost_wserialization.a */; };
		D14AC1A12DDC94D700977F6A /* libboost_thread.a in Frameworks */ = {isa = PBXBuildFile; fileRef = D14AC1852DDC94D600977F6A /* libboost_thread.a */; };
		D14AC1A22DDC94D700977F6A /* libboost_system.a in Frameworks */ = {isa = PBXBuildFile; fileRef = D14AC1862DDC94D600977F6A /* libboost_system.a */; };
		D14AC1A32DDC94D700977F6A /* libodbcinst.a in Frameworks */ = {isa = PBXBuildFile; fileRef = D14AC1872DDC94D600977F6A /* libodbcinst.a */; };
		D14AC1A42DDC94D700977F6A /* libncurses++.a in Frameworks */ = {isa = PBXBuildFile; fileRef = D14AC1882DDC94D600977F6A /* libncurses++.a */; };
		D14AC1A52DDC94D700977F6A /* libecpg.a in Frameworks */ = {isa = PBXBuildFile; fileRef = D14AC1892DDC94D600977F6A /* libecpg.a */; };
		D14AC1A62DDC94D700977F6A /* libboost_random.a in Frameworks */ = {isa = PBXBuildFile; fileRef = D14AC18A2DDC94D700977F6A /* libboost_random.a */; };
		D14AC1A72DDC94D700977F6A /* libboost_date_time.a in Frameworks */ = {isa = PBXBuildFile; fileRef = D14AC18B2DDC94D700977F6A /* libboost_date_time.a */; };
		D14AC1A82DDC94D700977F6A /* libboost_chrono.a in Frameworks */ = {isa = PBXBuildFile; fileRef = D14AC18C2DDC94D700977F6A /* libboost_chrono.a */; };
		D14AC1A92DDC94D700977F6A /* libpanel.a in Frameworks */ = {isa = PBXBuildFile; fileRef = D14AC18D2DDC94D700977F6A /* libpanel.a */; };
		D14AC1AA2DDC94D700977F6A /* libssl.a in Frameworks */ = {isa = PBXBuildFile; fileRef = D14AC18E2DDC94D700977F6A /* libssl.a */; };
		D14AC1AB2DDC94D700977F6A /* libodbc.a in Frameworks */ = {isa = PBXBuildFile; fileRef = D14AC18F2DDC94D700977F6A /* libodbc.a */; };
		D14AC1AC2DDC94D700977F6A /* libboost_graph.a in Frameworks */ = {isa = PBXBuildFile; fileRef = D14AC1902DDC94D700977F6A /* libboost_graph.a */; };
		D14AC1AD2DDC94D700977F6A /* libform.a in Frameworks */ = {isa = PBXBuildFile; fileRef = D14AC1912DDC94D700977F6A /* libform.a */; };
		D14AC1B12DDC94FD00977F6A /* libiconv.tbd in Frameworks */ = {isa = PBXBuildFile; fileRef = D14AC1B02DDC94FD00977F6A /* libiconv.tbd */; };
/* End PBXBuildFile section */

/* Begin PBXCopyFilesBuildPhase section */
		D134D4AB1A030B7A008D14EF /* CopyFiles */ = {
			isa = PBXCopyFilesBuildPhase;
			buildActionMask = 2147483647;
			dstPath = "";
			dstSubfolderSpec = 7;
			files = (
				D134D4AC1A030BA0008D14EF /* manifest.json in CopyFiles */,
			);
			runOnlyForDeploymentPostprocessing = 0;
		};
/* End PBXCopyFilesBuildPhase section */

/* Begin PBXFileReference section */
		089C167EFE841241C02AAC07 /* English */ = {isa = PBXFileReference; fileEncoding = 4; lastKnownFileType = text.plist.strings; name = English; path = English.lproj/InfoPlist.strings; sourceTree = "<group>"; };
		189286350695AD8900B05D6E /* SOCI.bundle */ = {isa = PBXFileReference; explicitFileType = wrapper.cfbundle; includeInIndex = 0; path = SOCI.bundle; sourceTree = BUILT_PRODUCTS_DIR; };
		18B684F006944F2000CC6A1E /* 4DPluginAPI.h */ = {isa = PBXFileReference; fileEncoding = 30; lastKnownFileType = sourcecode.c.h; path = 4DPluginAPI.h; sourceTree = "<group>"; };
		18B684F106944F2000CC6A1E /* EntryPoints.h */ = {isa = PBXFileReference; fileEncoding = 30; lastKnownFileType = sourcecode.c.h; path = EntryPoints.h; sourceTree = "<group>"; };
		18B684F206944F2000CC6A1E /* Flags.h */ = {isa = PBXFileReference; fileEncoding = 30; lastKnownFileType = sourcecode.c.h; path = Flags.h; sourceTree = "<group>"; };
		18B684F306944F2000CC6A1E /* PrivateTypes.h */ = {isa = PBXFileReference; fileEncoding = 30; lastKnownFileType = sourcecode.c.h; path = PrivateTypes.h; sourceTree = "<group>"; };
		18B684F406944F2000CC6A1E /* PublicTypes.h */ = {isa = PBXFileReference; fileEncoding = 30; lastKnownFileType = sourcecode.c.h; path = PublicTypes.h; sourceTree = "<group>"; };
		18B684FE06944F8800CC6A1E /* 4DPlugin-SOCI.cpp */ = {isa = PBXFileReference; explicitFileType = sourcecode.cpp.objcpp; fileEncoding = 30; path = "4DPlugin-SOCI.cpp"; sourceTree = "<group>"; };
		8D01CCD10486CAD60068D4B7 /* Info.plist */ = {isa = PBXFileReference; fileEncoding = 4; lastKnownFileType = text.plist; path = Info.plist; sourceTree = "<group>"; };
		D120937E13534DCC00A72CAA /* 4DPlugin-SOCI.h */ = {isa = PBXFileReference; fileEncoding = 4; lastKnownFileType = sourcecode.c.h; path = "4DPlugin-SOCI.h"; sourceTree = "<group>"; };
		D130064E12F02D9700702C0E /* Cocoa.framework */ = {isa = PBXFileReference; lastKnownFileType = wrapper.framework; name = Cocoa.framework; path = /System/Library/Frameworks/Cocoa.framework; sourceTree = "<absolute>"; };
		D13116A81A03ACB700DE1322 /* 4DPluginAPI.c */ = {isa = PBXFileReference; explicitFileType = sourcecode.cpp.objcpp; fileEncoding = 4; path = 4DPluginAPI.c; sourceTree = "<group>"; };
		D134D4A91A030B06008D14EF /* manifest.json */ = {isa = PBXFileReference; fileEncoding = 4; lastKnownFileType = text.json; path = manifest.json; sourceTree = "<group>"; };
		D14AC1282DDC103700977F6A /* 4DPlugin-JSON.h */ = {isa = PBXFileReference; lastKnownFileType = sourcecode.c.h; name = "4DPlugin-JSON.h"; path = "support/4DPlugin-JSON.h"; sourceTree = "<group>"; };
		D14AC1292DDC103700977F6A /* 4DPlugin-JSON.cpp */ = {isa = PBXFileReference; explicitFileType = sourcecode.cpp.objcpp; name = "4DPlugin-JSON.cpp"; path = "support/4DPlugin-JSON.cpp"; sourceTree = "<group>"; };
		D14AC12C2DDC116300977F6A /* C_TEXT.h */ = {isa = PBXFileReference; lastKnownFileType = sourcecode.c.h; name = C_TEXT.h; path = "4D Plugin API/Classes/C_TEXT.h"; sourceTree = "<group>"; };
		D14AC12D2DDC116300977F6A /* C_TEXT.cpp */ = {isa = PBXFileReference; explicitFileType = sourcecode.cpp.objcpp; name = C_TEXT.cpp; path = "4D Plugin API/Classes/C_TEXT.cpp"; sourceTree = "<group>"; };
		D14AC12E2DDC116300977F6A /* C_TYPES.h */ = {isa = PBXFileReference; lastKnownFileType = sourcecode.c.h; name = C_TYPES.h; path = "4D Plugin API/Classes/C_TYPES.h"; sourceTree = "<group>"; };
		D14AC1342DDC16BB00977F6A /* libboost_thread.a */ = {isa = PBXFileReference; lastKnownFileType = archive.ar; name = libboost_thread.a; path = ../lib/libboost_thread.a; sourceTree = "<group>"; };
		D14AC1352DDC16BB00977F6A /* libz.a */ = {isa = PBXFileReference; lastKnownFileType = archive.ar; name = libz.a; path = ../lib/libz.a; sourceTree = "<group>"; };
		D14AC1362DDC16BC00977F6A /* libboost_random.a */ = {isa = PBXFileReference; lastKnownFileType = archive.ar; name = libboost_random.a; path = ../lib/libboost_random.a; sourceTree = "<group>"; };
		D14AC1372DDC16BC00977F6A /* libboost_atomic.a */ = {isa = PBXFileReference; lastKnownFileType = archive.ar; name = libboost_atomic.a; path = ../lib/libboost_atomic.a; sourceTree = "<group>"; };
		D14AC1382DDC16BC00977F6A /* libboost_program_options.a */ = {isa = PBXFileReference; lastKnownFileType = archive.ar; name = libboost_program_options.a; path = ../lib/libboost_program_options.a; sourceTree = "<group>"; };
		D14AC1392DDC16BC00977F6A /* libboost_chrono.a */ = {isa = PBXFileReference; lastKnownFileType = archive.ar; name = libboost_chrono.a; path = ../lib/libboost_chrono.a; sourceTree = "<group>"; };
		D14AC13A2DDC16BC00977F6A /* libncurses++.a */ = {isa = PBXFileReference; lastKnownFileType = archive.ar; name = "libncurses++.a"; path = "../lib/libncurses++.a"; sourceTree = "<group>"; };
		D14AC13B2DDC16BC00977F6A /* libssl.a */ = {isa = PBXFileReference; lastKnownFileType = archive.ar; name = libssl.a; path = ../lib/libssl.a; sourceTree = "<group>"; };
		D14AC13C2DDC16BC00977F6A /* libzstd.a */ = {isa = PBXFileReference; lastKnownFileType = archive.ar; name = libzstd.a; path = ../lib/libzstd.a; sourceTree = "<group>"; };
		D14AC13D2DDC16BC00977F6A /* libboost_wserialization.a */ = {isa = PBXFileReference; lastKnownFileType = archive.ar; name = libboost_wserialization.a; path = ../lib/libboost_wserialization.a; sourceTree = "<group>"; };
		D14AC13E2DDC16BC00977F6A /* libform.a */ = {isa = PBXFileReference; lastKnownFileType = archive.ar; name = libform.a; path = ../lib/libform.a; sourceTree = "<group>"; };
		D14AC13F2DDC16BC00977F6A /* libboost_graph.a */ = {isa = PBXFileReference; lastKnownFileType = archive.ar; name = libboost_graph.a; path = ../lib/libboost_graph.a; sourceTree = "<group>"; };
		D14AC1402DDC16BC00977F6A /* libmysqlclient.a */ = {isa = PBXFileReference; lastKnownFileType = archive.ar; name = libmysqlclient.a; path = ../lib/libmysqlclient.a; sourceTree = "<group>"; };
		D14AC1412DDC16BC00977F6A /* libboost_container.a */ = {isa = PBXFileReference; lastKnownFileType = archive.ar; name = libboost_container.a; path = ../lib/libboost_container.a; sourceTree = "<group>"; };
		D14AC1422DDC16BC00977F6A /* liblz4.a */ = {isa = PBXFileReference; lastKnownFileType = archive.ar; name = liblz4.a; path = ../lib/liblz4.a; sourceTree = "<group>"; };
		D14AC1432DDC16BC00977F6A /* libcrypto.a */ = {isa = PBXFileReference; lastKnownFileType = archive.ar; name = libcrypto.a; path = ../lib/libcrypto.a; sourceTree = "<group>"; };
		D14AC1442DDC16BC00977F6A /* libboost_date_time.a */ = {isa = PBXFileReference; lastKnownFileType = archive.ar; name = libboost_date_time.a; path = ../lib/libboost_date_time.a; sourceTree = "<group>"; };
		D14AC1452DDC16BC00977F6A /* libncurses.a */ = {isa = PBXFileReference; lastKnownFileType = archive.ar; name = libncurses.a; path = ../lib/libncurses.a; sourceTree = "<group>"; };
		D14AC1462DDC16BC00977F6A /* libpanel.a */ = {isa = PBXFileReference; lastKnownFileType = archive.ar; name = libpanel.a; path = ../lib/libpanel.a; sourceTree = "<group>"; };
		D14AC1472DDC16BC00977F6A /* libmenu.a */ = {isa = PBXFileReference; lastKnownFileType = archive.ar; name = libmenu.a; path = ../lib/libmenu.a; sourceTree = "<group>"; };
		D14AC1482DDC16BC00977F6A /* libboost_serialization.a */ = {isa = PBXFileReference; lastKnownFileType = archive.ar; name = libboost_serialization.a; path = ../lib/libboost_serialization.a; sourceTree = "<group>"; };
		D14AC1492DDC16BC00977F6A /* libboost_system.a */ = {isa = PBXFileReference; lastKnownFileType = archive.ar; name = libboost_system.a; path = ../lib/libboost_system.a; sourceTree = "<group>"; };
		D14AC1602DDC17A200977F6A /* libsqlite3.tbd */ = {isa = PBXFileReference; lastKnownFileType = "sourcecode.text-based-dylib-definition"; name = libsqlite3.tbd; path = usr/lib/libsqlite3.tbd; sourceTree = SDKROOT; };
		D14AC1622DDC19B300977F6A /* libsoci_odbc.a */ = {isa = PBXFileReference; lastKnownFileType = archive.ar; name = libsoci_odbc.a; path = a/libsoci_odbc.a; sourceTree = "<group>"; };
		D14AC1632DDC19B300977F6A /* libsoci_mysql.a */ = {isa = PBXFileReference; lastKnownFileType = archive.ar; name = libsoci_mysql.a; path = a/libsoci_mysql.a; sourceTree = "<group>"; };
		D14AC1642DDC19B300977F6A /* libsoci_postgresql.a */ = {isa = PBXFileReference; lastKnownFileType = archive.ar; name = libsoci_postgresql.a; path = a/libsoci_postgresql.a; sourceTree = "<group>"; };
		D14AC1652DDC19B300977F6A /* libsqlite3.a */ = {isa = PBXFileReference; lastKnownFileType = archive.ar; name = libsqlite3.a; path = a/libsqlite3.a; sourceTree = "<group>"; };
		D14AC1662DDC19B300977F6A /* libsoci_core.a */ = {isa = PBXFileReference; lastKnownFileType = archive.ar; name = libsoci_core.a; path = a/libsoci_core.a; sourceTree = "<group>"; };
		D14AC1672DDC19B300977F6A /* libsoci_sqlite3.a */ = {isa = PBXFileReference; lastKnownFileType = archive.ar; name = libsoci_sqlite3.a; path = a/libsoci_sqlite3.a; sourceTree = "<group>"; };
		D14AC16E2DDC94BC00977F6A /* libpgport.a */ = {isa = PBXFileReference; lastKnownFileType = archive.ar; name = libpgport.a; path = a/libpgport.a; sourceTree = "<group>"; };
		D14AC16F2DDC94BC00977F6A /* libpgcommon.a */ = {isa = PBXFileReference; lastKnownFileType = archive.ar; name = libpgcommon.a; path = a/libpgcommon.a; sourceTree = "<group>"; };
		D14AC1702DDC94BC00977F6A /* libpq.a */ = {isa = PBXFileReference; lastKnownFileType = archive.ar; name = libpq.a; path = a/libpq.a; sourceTree = "<group>"; };
		D14AC1712DDC94BC00977F6A /* libpgtypes.a */ = {isa = PBXFileReference; lastKnownFileType = archive.ar; name = libpgtypes.a; path = a/libpgtypes.a; sourceTree = "<group>"; };
		D14AC1762DDC94D600977F6A /* libcrypto.a */ = {isa = PBXFileReference; lastKnownFileType = archive.ar; name = libcrypto.a; path = a/libcrypto.a; sourceTree = "<group>"; };
		D14AC1772DDC94D600977F6A /* libboost_program_options.a */ = {isa = PBXFileReference; lastKnownFileType = archive.ar; name = libboost_program_options.a; path = a/libboost_program_options.a; sourceTree = "<group>"; };
		D14AC1782DDC94D600977F6A /* libecpg_compat.a */ = {isa = PBXFileReference; lastKnownFileType = archive.ar; name = libecpg_compat.a; path = a/libecpg_compat.a; sourceTree = "<group>"; };
		D14AC1792DDC94D600977F6A /* libncurses.a */ = {isa = PBXFileReference; lastKnownFileType = archive.ar; name = libncurses.a; path = a/libncurses.a; sourceTree = "<group>"; };
		D14AC17A2DDC94D600977F6A /* libmysqlclient.a */ = {isa = PBXFileReference; lastKnownFileType = archive.ar; name = libmysqlclient.a; path = a/libmysqlclient.a; sourceTree = "<group>"; };
		D14AC17B2DDC94D600977F6A /* libboost_serialization.a */ = {isa = PBXFileReference; lastKnownFileType = archive.ar; name = libboost_serialization.a; path = a/libboost_serialization.a; sourceTree = "<group>"; };
		D14AC17C2DDC94D600977F6A /* libboost_atomic.a */ = {isa = PBXFileReference; lastKnownFileType = archive.ar; name = libboost_atomic.a; path = a/libboost_atomic.a; sourceTree = "<group>"; };
		D14AC17D2DDC94D600977F6A /* liblz4.a */ = {isa = PBXFileReference; lastKnownFileType = archive.ar; name = liblz4.a; path = a/liblz4.a; sourceTree = "<group>"; };
		D14AC17E2DDC94D600977F6A /* libjsoncpp.a */ = {isa = PBXFileReference; lastKnownFileType = archive.ar; name = libjsoncpp.a; path = a/libjsoncpp.a; sourceTree = "<group>"; };
		D14AC17F2DDC94D600977F6A /* libzstd.a */ = {isa = PBXFileReference; lastKnownFileType = archive.ar; name = libzstd.a; path = a/libzstd.a; sourceTree = "<group>"; };
		D14AC1802DDC94D600977F6A /* libz.a */ = {isa = PBXFileReference; lastKnownFileType = archive.ar; name = libz.a; path = a/libz.a; sourceTree = "<group>"; };
		D14AC1812DDC94D600977F6A /* libodbccr.a */ = {isa = PBXFileReference; lastKnownFileType = archive.ar; name = libodbccr.a; path = a/libodbccr.a; sourceTree = "<group>"; };
		D14AC1822DDC94D600977F6A /* libboost_container.a */ = {isa = PBXFileReference; lastKnownFileType = archive.ar; name = libboost_container.a; path = a/libboost_container.a; sourceTree = "<group>"; };
		D14AC1832DDC94D600977F6A /* libmenu.a */ = {isa = PBXFileReference; lastKnownFileType = archive.ar; name = libmenu.a; path = a/libmenu.a; sourceTree = "<group>"; };
		D14AC1842DDC94D600977F6A /* libboost_wserialization.a */ = {isa = PBXFileReference; lastKnownFileType = archive.ar; name = libboost_wserialization.a; path = a/libboost_wserialization.a; sourceTree = "<group>"; };
		D14AC1852DDC94D600977F6A /* libboost_thread.a */ = {isa = PBXFileReference; lastKnownFileType = archive.ar; name = libboost_thread.a; path = a/libboost_thread.a; sourceTree = "<group>"; };
		D14AC1862DDC94D600977F6A /* libboost_system.a */ = {isa = PBXFileReference; lastKnownFileType = archive.ar; name = libboost_system.a; path = a/libboost_system.a; sourceTree = "<group>"; };
		D14AC1872DDC94D600977F6A /* libodbcinst.a */ = {isa = PBXFileReference; lastKnownFileType = archive.ar; name = libodbcinst.a; path = a/libodbcinst.a; sourceTree = "<group>"; };
		D14AC1882DDC94D600977F6A /* libncurses++.a */ = {isa = PBXFileReference; lastKnownFileType = archive.ar; name = "libncurses++.a"; path = "a/libncurses++.a"; sourceTree = "<group>"; };
		D14AC1892DDC94D600977F6A /* libecpg.a */ = {isa = PBXFileReference; lastKnownFileType = archive.ar; name = libecpg.a; path = a/libecpg.a; sourceTree = "<group>"; };
		D14AC18A2DDC94D700977F6A /* libboost_random.a */ = {isa = PBXFileReference; lastKnownFileType = archive.ar; name = libboost_random.a; path = a/libboost_random.a; sourceTree = "<group>"; };
		D14AC18B2DDC94D700977F6A /* libboost_date_time.a */ = {isa = PBXFileReference; lastKnownFileType = archive.ar; name = libboost_date_time.a; path = a/libboost_date_time.a; sourceTree = "<group>"; };
		D14AC18C2DDC94D700977F6A /* libboost_chrono.a */ = {isa = PBXFileReference; lastKnownFileType = archive.ar; name = libboost_chrono.a; path = a/libboost_chrono.a; sourceTree = "<group>"; };
		D14AC18D2DDC94D700977F6A /* libpanel.a */ = {isa = PBXFileReference; lastKnownFileType = archive.ar; name = libpanel.a; path = a/libpanel.a; sourceTree = "<group>"; };
		D14AC18E2DDC94D700977F6A /* libssl.a */ = {isa = PBXFileReference; lastKnownFileType = archive.ar; name = libssl.a; path = a/libssl.a; sourceTree = "<group>"; };
		D14AC18F2DDC94D700977F6A /* libodbc.a */ = {isa = PBXFileReference; lastKnownFileType = archive.ar; name = libodbc.a; path = a/libodbc.a; sourceTree = "<group>"; };
		D14AC1902DDC94D700977F6A /* libboost_graph.a */ = {isa = PBXFileReference; lastKnownFileType = archive.ar; name = libboost_graph.a; path = a/libboost_graph.a; sourceTree = "<group>"; };
		D14AC1912DDC94D700977F6A /* libform.a */ = {isa = PBXFileReference; lastKnownFileType = archive.ar; name = libform.a; path = a/libform.a; sourceTree = "<group>"; };
		D14AC1AE2DDC94E800977F6A /* libiconv_std.tbd */ = {isa = PBXFileReference; lastKnownFileType = "sourcecode.text-based-dylib-definition"; name = libiconv_std.tbd; path = usr/lib/i18n/libiconv_std.tbd; sourceTree = SDKROOT; };
		D14AC1B02DDC94FD00977F6A /* libiconv.tbd */ = {isa = PBXFileReference; lastKnownFileType = "sourcecode.text-based-dylib-definition"; name = libiconv.tbd; path = usr/lib/libiconv.tbd; sourceTree = SDKROOT; };
		D14D10DD1A03A8A5008B3411 /* constants.xlf */ = {isa = PBXFileReference; fileEncoding = 4; lastKnownFileType = text.xml; path = constants.xlf; sourceTree = "<group>"; };
/* End PBXFileReference section */

/* Begin PBXFrameworksBuildPhase section */
		8D01CCCD0486CAD60068D4B7 /* Frameworks */ = {
			isa = PBXFrameworksBuildPhase;
			buildActionMask = 2147483647;
			files = (
				D14AC1B12DDC94FD00977F6A /* libiconv.tbd in Frameworks */,
				D14AC1922DDC94D700977F6A /* libcrypto.a in Frameworks */,
				D14AC1932DDC94D700977F6A /* libboost_program_options.a in Frameworks */,
				D14AC1942DDC94D700977F6A /* libecpg_compat.a in Frameworks */,
				D14AC1952DDC94D700977F6A /* libncurses.a in Frameworks */,
				D14AC1962DDC94D700977F6A /* libmysqlclient.a in Frameworks */,
				D14AC1972DDC94D700977F6A /* libboost_serialization.a in Frameworks */,
				D14AC1982DDC94D700977F6A /* libboost_atomic.a in Frameworks */,
				D14AC1992DDC94D700977F6A /* liblz4.a in Frameworks */,
				D14AC19A2DDC94D700977F6A /* libjsoncpp.a in Frameworks */,
				D14AC19B2DDC94D700977F6A /* libzstd.a in Frameworks */,
				D14AC19C2DDC94D700977F6A /* libz.a in Frameworks */,
				D14AC19D2DDC94D700977F6A /* libodbccr.a in Frameworks */,
				D14AC19E2DDC94D700977F6A /* libboost_container.a in Frameworks */,
				D14AC19F2DDC94D700977F6A /* libmenu.a in Frameworks */,
				D14AC1A02DDC94D700977F6A /* libboost_wserialization.a in Frameworks */,
				D14AC1A12DDC94D700977F6A /* libboost_thread.a in Frameworks */,
				D14AC1A22DDC94D700977F6A /* libboost_system.a in Frameworks */,
				D14AC1A32DDC94D700977F6A /* libodbcinst.a in Frameworks */,
				D14AC1A42DDC94D700977F6A /* libncurses++.a in Frameworks */,
				D14AC1A52DDC94D700977F6A /* libecpg.a in Frameworks */,
				D14AC1A62DDC94D700977F6A /* libboost_random.a in Frameworks */,
				D14AC1A72DDC94D700977F6A /* libboost_date_time.a in Frameworks */,
				D14AC1A82DDC94D700977F6A /* libboost_chrono.a in Frameworks */,
				D14AC1A92DDC94D700977F6A /* libpanel.a in Frameworks */,
				D14AC1AA2DDC94D700977F6A /* libssl.a in Frameworks */,
				D14AC1AB2DDC94D700977F6A /* libodbc.a in Frameworks */,
				D14AC1AC2DDC94D700977F6A /* libboost_graph.a in Frameworks */,
				D14AC1AD2DDC94D700977F6A /* libform.a in Frameworks */,
				D14AC1732DDC94BC00977F6A /* libpgcommon.a in Frameworks */,
				D14AC1722DDC94BC00977F6A /* libpgport.a in Frameworks */,
				D14AC1752DDC94BC00977F6A /* libpgtypes.a in Frameworks */,
				D14AC1742DDC94BC00977F6A /* libpq.a in Frameworks */,
				D14AC16C2DDC19B300977F6A /* libsoci_core.a in Frameworks */,
				D14AC1692DDC19B300977F6A /* libsoci_mysql.a in Frameworks */,
				D14AC1682DDC19B300977F6A /* libsoci_odbc.a in Frameworks */,
				D14AC16A2DDC19B300977F6A /* libsoci_postgresql.a in Frameworks */,
				D14AC16D2DDC19B300977F6A /* libsoci_sqlite3.a in Frameworks */,
				D14AC16B2DDC19B300977F6A /* libsqlite3.a in Frameworks */,
				D130064F12F02D9700702C0E /* Cocoa.framework in Frameworks */,
			);
			runOnlyForDeploymentPostprocessing = 0;
		};
/* End PBXFrameworksBuildPhase section */

/* Begin PBXGroup section */
		089C166AFE841209C02AAC07 /* SOCI */ = {
			isa = PBXGroup;
			children = (
				D108BD7A1A03D1E6001F1B90 /* Manifest */,
				08FB77ADFE841716C02AAC07 /* Source */,
				089C167CFE841241C02AAC07 /* Resources */,
				089C1671FE841209C02AAC07 /* External Frameworks and Libraries */,
				189286360695AD8900B05D6E /* Products */,
				D16FBB3C22A4C07E008F0416 /* Frameworks */,
			);
			name = SOCI;
			sourceTree = "<group>";
		};
		089C1671FE841209C02AAC07 /* External Frameworks and Libraries */ = {
			isa = PBXGroup;
			children = (
				D130064E12F02D9700702C0E /* Cocoa.framework */,
			);
			name = "External Frameworks and Libraries";
			sourceTree = "<group>";
		};
		089C167CFE841241C02AAC07 /* Resources */ = {
			isa = PBXGroup;
			children = (
				8D01CCD10486CAD60068D4B7 /* Info.plist */,
				089C167DFE841241C02AAC07 /* InfoPlist.strings */,
			);
			name = Resources;
			sourceTree = "<group>";
		};
		08FB77ADFE841716C02AAC07 /* Source */ = {
			isa = PBXGroup;
			children = (
				18B684FE06944F8800CC6A1E /* 4DPlugin-SOCI.cpp */,
				D120937E13534DCC00A72CAA /* 4DPlugin-SOCI.h */,
				D14AC1282DDC103700977F6A /* 4DPlugin-JSON.h */,
				D14AC1292DDC103700977F6A /* 4DPlugin-JSON.cpp */,
				D14AC12C2DDC116300977F6A /* C_TEXT.h */,
				D14AC12D2DDC116300977F6A /* C_TEXT.cpp */,
				D14AC12E2DDC116300977F6A /* C_TYPES.h */,
				18B684ED06944F2000CC6A1E /* 4D Plugin API */,
			);
			name = Source;
			sourceTree = "<group>";
		};
		189286360695AD8900B05D6E /* Products */ = {
			isa = PBXGroup;
			children = (
				189286350695AD8900B05D6E /* SOCI.bundle */,
			);
			name = Products;
			sourceTree = "<group>";
		};
		18B684ED06944F2000CC6A1E /* 4D Plugin API */ = {
			isa = PBXGroup;
			children = (
				D13116A81A03ACB700DE1322 /* 4DPluginAPI.c */,
				18B684F006944F2000CC6A1E /* 4DPluginAPI.h */,
				18B684F106944F2000CC6A1E /* EntryPoints.h */,
				18B684F206944F2000CC6A1E /* Flags.h */,
				18B684F306944F2000CC6A1E /* PrivateTypes.h */,
				18B684F406944F2000CC6A1E /* PublicTypes.h */,
			);
			path = "4D Plugin API";
			sourceTree = "<group>";
		};
		D108BD7A1A03D1E6001F1B90 /* Manifest */ = {
			isa = PBXGroup;
			children = (
				D134D4A91A030B06008D14EF /* manifest.json */,
				D14D10DD1A03A8A5008B3411 /* constants.xlf */,
			);
			name = Manifest;
			sourceTree = "<group>";
		};
		D16FBB3C22A4C07E008F0416 /* Frameworks */ = {
			isa = PBXGroup;
			children = (
				D14AC1B02DDC94FD00977F6A /* libiconv.tbd */,
				D14AC1AE2DDC94E800977F6A /* libiconv_std.tbd */,
				D14AC17C2DDC94D600977F6A /* libboost_atomic.a */,
				D14AC18C2DDC94D700977F6A /* libboost_chrono.a */,
				D14AC1822DDC94D600977F6A /* libboost_container.a */,
				D14AC18B2DDC94D700977F6A /* libboost_date_time.a */,
				D14AC1902DDC94D700977F6A /* libboost_graph.a */,
				D14AC1772DDC94D600977F6A /* libboost_program_options.a */,
				D14AC18A2DDC94D700977F6A /* libboost_random.a */,
				D14AC17B2DDC94D600977F6A /* libboost_serialization.a */,
				D14AC1862DDC94D600977F6A /* libboost_system.a */,
				D14AC1852DDC94D600977F6A /* libboost_thread.a */,
				D14AC1842DDC94D600977F6A /* libboost_wserialization.a */,
				D14AC1762DDC94D600977F6A /* libcrypto.a */,
				D14AC1892DDC94D600977F6A /* libecpg.a */,
				D14AC1782DDC94D600977F6A /* libecpg_compat.a */,
				D14AC1912DDC94D700977F6A /* libform.a */,
				D14AC17E2DDC94D600977F6A /* libjsoncpp.a */,
				D14AC17D2DDC94D600977F6A /* liblz4.a */,
				D14AC1832DDC94D600977F6A /* libmenu.a */,
				D14AC17A2DDC94D600977F6A /* libmysqlclient.a */,
				D14AC1792DDC94D600977F6A /* libncurses.a */,
				D14AC1882DDC94D600977F6A /* libncurses++.a */,
				D14AC18F2DDC94D700977F6A /* libodbc.a */,
				D14AC1812DDC94D600977F6A /* libodbccr.a */,
				D14AC1872DDC94D600977F6A /* libodbcinst.a */,
				D14AC18D2DDC94D700977F6A /* libpanel.a */,
				D14AC18E2DDC94D700977F6A /* libssl.a */,
				D14AC1802DDC94D600977F6A /* libz.a */,
				D14AC17F2DDC94D600977F6A /* libzstd.a */,
				D14AC16F2DDC94BC00977F6A /* libpgcommon.a */,
				D14AC16E2DDC94BC00977F6A /* libpgport.a */,
				D14AC1712DDC94BC00977F6A /* libpgtypes.a */,
				D14AC1702DDC94BC00977F6A /* libpq.a */,
				D14AC1662DDC19B300977F6A /* libsoci_core.a */,
				D14AC1632DDC19B300977F6A /* libsoci_mysql.a */,
				D14AC1622DDC19B300977F6A /* libsoci_odbc.a */,
				D14AC1642DDC19B300977F6A /* libsoci_postgresql.a */,
				D14AC1672DDC19B300977F6A /* libsoci_sqlite3.a */,
				D14AC1652DDC19B300977F6A /* libsqlite3.a */,
				D14AC1602DDC17A200977F6A /* libsqlite3.tbd */,
				D14AC1372DDC16BC00977F6A /* libboost_atomic.a */,
				D14AC1392DDC16BC00977F6A /* libboost_chrono.a */,
				D14AC1412DDC16BC00977F6A /* libboost_container.a */,
				D14AC1442DDC16BC00977F6A /* libboost_date_time.a */,
				D14AC13F2DDC16BC00977F6A /* libboost_graph.a */,
				D14AC1382DDC16BC00977F6A /* libboost_program_options.a */,
				D14AC1362DDC16BC00977F6A /* libboost_random.a */,
				D14AC1482DDC16BC00977F6A /* libboost_serialization.a */,
				D14AC1492DDC16BC00977F6A /* libboost_system.a */,
				D14AC1342DDC16BB00977F6A /* libboost_thread.a */,
				D14AC13D2DDC16BC00977F6A /* libboost_wserialization.a */,
				D14AC1432DDC16BC00977F6A /* libcrypto.a */,
				D14AC13E2DDC16BC00977F6A /* libform.a */,
				D14AC1422DDC16BC00977F6A /* liblz4.a */,
				D14AC1472DDC16BC00977F6A /* libmenu.a */,
				D14AC1402DDC16BC00977F6A /* libmysqlclient.a */,
				D14AC1452DDC16BC00977F6A /* libncurses.a */,
				D14AC13A2DDC16BC00977F6A /* libncurses++.a */,
				D14AC1462DDC16BC00977F6A /* libpanel.a */,
				D14AC13B2DDC16BC00977F6A /* libssl.a */,
				D14AC1352DDC16BB00977F6A /* libz.a */,
				D14AC13C2DDC16BC00977F6A /* libzstd.a */,
			);
			name = Frameworks;
			sourceTree = "<group>";
		};
/* End PBXGroup section */

/* Begin PBXHeadersBuildPhase section */
		8D01CCC70486CAD60068D4B7 /* Headers */ = {
			isa = PBXHeadersBuildPhase;
			buildActionMask = 2147483647;
			files = (
				18B684F706944F2000CC6A1E /* 4DPluginAPI.h in Headers */,
				18B684F806944F2000CC6A1E /* EntryPoints.h in Headers */,
				18B684F906944F2000CC6A1E /* Flags.h in Headers */,
				D14AC1302DDC116300977F6A /* C_TYPES.h in Headers */,
				D14AC1312DDC116300977F6A /* C_TEXT.h in Headers */,
				18B684FA06944F2000CC6A1E /* PrivateTypes.h in Headers */,
				18B684FB06944F2000CC6A1E /* PublicTypes.h in Headers */,
				D120937F13534DCC00A72CAA /* 4DPlugin-SOCI.h in Headers */,
				D14AC12B2DDC103700977F6A /* 4DPlugin-JSON.h in Headers */,
			);
			runOnlyForDeploymentPostprocessing = 0;
		};
/* End PBXHeadersBuildPhase section */

/* Begin PBXNativeTarget section */
		8D01CCC60486CAD60068D4B7 /* SOCI */ = {
			isa = PBXNativeTarget;
			buildConfigurationList = 42D60B3F0A9DDBC8002ABB42 /* Build configuration list for PBXNativeTarget "SOCI" */;
			buildPhases = (
				8D01CCC70486CAD60068D4B7 /* Headers */,
				8D01CCC90486CAD60068D4B7 /* Resources */,
				D134D4AB1A030B7A008D14EF /* CopyFiles */,
				8D01CCCB0486CAD60068D4B7 /* Sources */,
				8D01CCCD0486CAD60068D4B7 /* Frameworks */,
				8D01CCCF0486CAD60068D4B7 /* Rez */,
				D1292E7B22C4A91E00CB5A8C /* ShellScript */,
			);
			buildRules = (
			);
			dependencies = (
			);
			name = SOCI;
			productInstallPath = "$(HOME)/Library/Bundles";
			productName = SOCI;
			productReference = 189286350695AD8900B05D6E /* SOCI.bundle */;
			productType = "com.apple.product-type.bundle";
		};
/* End PBXNativeTarget section */

/* Begin PBXProject section */
		089C1669FE841209C02AAC07 /* Project object */ = {
			isa = PBXProject;
			attributes = {
				LastUpgradeCheck = 1020;
				TargetAttributes = {
					8D01CCC60486CAD60068D4B7 = {
						DevelopmentTeam = Y69CWUC25B;
						ProvisioningStyle = Manual;
					};
				};
			};
			buildConfigurationList = 42D60B430A9DDBC8002ABB42 /* Build configuration list for PBXProject "SOCI" */;
			compatibilityVersion = "Xcode 3.2";
			developmentRegion = English;
			hasScannedForEncodings = 1;
			knownRegions = (
				English,
				Japanese,
				French,
				German,
			);
			mainGroup = 089C166AFE841209C02AAC07 /* SOCI */;
			productRefGroup = 189286360695AD8900B05D6E /* Products */;
			projectDirPath = "";
			projectRoot = "";
			targets = (
				8D01CCC60486CAD60068D4B7 /* SOCI */,
			);
		};
/* End PBXProject section */

/* Begin PBXResourcesBuildPhase section */
		8D01CCC90486CAD60068D4B7 /* Resources */ = {
			isa = PBXResourcesBuildPhase;
			buildActionMask = 2147483647;
			files = (
				8D01CCCA0486CAD60068D4B7 /* InfoPlist.strings in Resources */,
			);
			runOnlyForDeploymentPostprocessing = 0;
		};
/* End PBXResourcesBuildPhase section */

/* Begin PBXRezBuildPhase section */
		8D01CCCF0486CAD60068D4B7 /* Rez */ = {
			isa = PBXRezBuildPhase;
			buildActionMask = 2147483647;
			files = (
			);
			runOnlyForDeploymentPostprocessing = 0;
		};
/* End PBXRezBuildPhase section */

/* Begin PBXShellScriptBuildPhase section */
		D1292E7B22C4A91E00CB5A8C /* ShellScript */ = {
			isa = PBXShellScriptBuildPhase;
			buildActionMask = 2147483647;
			files = (
			);
			inputPaths = (
			);
			outputPaths = (
			);
			runOnlyForDeploymentPostprocessing = 0;
			shellPath = /bin/sh;
			shellScript = "if test \"$CONFIGURATION\" == 'Deployment'; then\n\n    USER_NAME=keisuke.miyako@4d.com\n    UUID=`uuidgen | tr -d - | tr -d '\\n' | tr '[:upper:]' '[:lower:]'`\n    DEVELOPER_ID=`security find-identity -p codesigning -v | egrep 'Developer ID Application[^\"]+' -o`\n    PRODUCT_PATH=\"$CODESIGNING_FOLDER_PATH\"\n    \n    #clean\n    xattr -cr \"$PRODUCT_PATH\"\n    codesign --remove-signature \"$PRODUCT_PATH\"\n    \n    #sign\n    codesign --verbose --deep --timestamp --force --sign \"Developer ID Application: keisuke miyako (Y69CWUC25B)\" \"$PRODUCT_PATH\"\n    \n    #archive\n    DMG_PATH=\"$PROJECT_DIR/$PRODUCT_NAME.dmg\"\n    ZIP_PATH=\"$PROJECT_DIR/$PRODUCT_NAME.zip\" #for windows\n    rm -f \"$DMG_PATH\"\n    hdiutil create -format UDBZ -plist -srcfolder \"$PRODUCT_PATH\" \"$DMG_PATH\"\n    rm -f \"$ZIP_PATH\"\n    ditto -c -k --keepParent \"$PRODUCT_PATH\" \"$ZIP_PATH\"\n    \n    xcrun notarytool submit \"$ZIP_PATH\" --keychain-profile \"notarytool\" --wait\n    xcrun notarytool submit \"$DMG_PATH\" --keychain-profile \"notarytool\" --wait\n        \n    xcrun stapler staple \"$DMG_PATH\"\n\nelse\n    echo \"No notarization performed as this is not a release build.\"\nfi\n";
		};
/* End PBXShellScriptBuildPhase section */

/* Begin PBXSourcesBuildPhase section */
		8D01CCCB0486CAD60068D4B7 /* Sources */ = {
			isa = PBXSourcesBuildPhase;
			buildActionMask = 2147483647;
			files = (
				18B684FF06944F8800CC6A1E /* 4DPlugin-SOCI.cpp in Sources */,
				D14AC12A2DDC103700977F6A /* 4DPlugin-JSON.cpp in Sources */,
				D14AC12F2DDC116300977F6A /* C_TEXT.cpp in Sources */,
				D13116A91A03ACB700DE1322 /* 4DPluginAPI.c in Sources */,
			);
			runOnlyForDeploymentPostprocessing = 0;
		};
/* End PBXSourcesBuildPhase section */

/* Begin PBXVariantGroup section */
		089C167DFE841241C02AAC07 /* InfoPlist.strings */ = {
			isa = PBXVariantGroup;
			children = (
				089C167EFE841241C02AAC07 /* English */,
			);
			name = InfoPlist.strings;
			sourceTree = "<group>";
		};
/* End PBXVariantGroup section */

/* Begin XCBuildConfiguration section */
		42D60B400A9DDBC8002ABB42 /* Development */ = {
			isa = XCBuildConfiguration;
			buildSettings = {
				ALWAYS_SEARCH_USER_PATHS = NO;
				CLANG_CXX_LANGUAGE_STANDARD = "c++17";
				CLANG_CXX_LIBRARY = "libc++";
				CLANG_LINK_OBJC_RUNTIME = NO;
				CODE_SIGN_IDENTITY = "Developer ID Application";
				CODE_SIGN_STYLE = Manual;
				COMBINE_HIDPI_IMAGES = YES;
				COPY_PHASE_STRIP = NO;
				DEBUGGING_SYMBOLS = YES;
				DEPLOYMENT_LOCATION = NO;
				DEVELOPMENT_TEAM = Y69CWUC25B;
				FRAMEWORK_SEARCH_PATHS = "";
				GCC_C_LANGUAGE_STANDARD = "compiler-default";
				GCC_DYNAMIC_NO_PIC = NO;
				GCC_ENABLE_FIX_AND_CONTINUE = YES;
				GCC_ENABLE_TRIGRAPHS = NO;
				GCC_GENERATE_DEBUGGING_SYMBOLS = YES;
				GCC_OPTIMIZATION_LEVEL = 0;
				GCC_PRECOMPILE_PREFIX_HEADER = YES;
				GCC_PREFIX_HEADER = "";
				GCC_VERSION = "";
				GCC_WARN_ABOUT_MISSING_PROTOTYPES = NO;
				GCC_WARN_FOUR_CHARACTER_CONSTANTS = NO;
				GCC_WARN_UNKNOWN_PRAGMAS = NO;
				HEADER_SEARCH_PATHS = (
					"include/soci-darwin/include/**",
					include,
				);
				INFOPLIST_FILE = Info.plist;
				INSTALL_PATH = "$(HOME)/Library/Bundles";
				LIBRARY_SEARCH_PATHS = (
					"$(inherited)",
					"$(PROJECT_DIR)/a",
					"$(SDKROOT)/usr/lib/i18n",
				);
				LIBRARY_STYLE = Bundle;
				MACOSX_DEPLOYMENT_TARGET = 11.5;
				MARKETING_VERSION = 1.0.2;
				OTHER_CFLAGS = "";
				OTHER_LDFLAGS = "";
				OTHER_REZFLAGS = "";
				PRODUCT_BUNDLE_IDENTIFIER = com.4D.SOCI;
				PRODUCT_NAME = SOCI;
				PROVISIONING_PROFILE_SPECIFIER = "";
				SDKROOT = macosx;
				SECTORDER_FLAGS = "";
				SYSTEM_HEADER_SEARCH_PATHS = "include/soci-darwin/include/**";
				WARNING_CFLAGS = (
					"-Wmost",
					"-Wno-four-char-constants",
					"-Wno-unknown-pragmas",
				);
				WRAPPER_EXTENSION = bundle;
				ZERO_LINK = YES;
			};
			name = Development;
		};
		42D60B410A9DDBC8002ABB42 /* Deployment */ = {
			isa = XCBuildConfiguration;
			buildSettings = {
				ALWAYS_SEARCH_USER_PATHS = NO;
				CLANG_CXX_LANGUAGE_STANDARD = "c++17";
				CLANG_CXX_LIBRARY = "libc++";
				CLANG_LINK_OBJC_RUNTIME = NO;
				CODE_SIGN_IDENTITY = "Developer ID Application";
				CODE_SIGN_STYLE = Manual;
				COMBINE_HIDPI_IMAGES = YES;
				COPY_PHASE_STRIP = YES;
				DEPLOYMENT_LOCATION = NO;
				DEVELOPMENT_TEAM = Y69CWUC25B;
				FRAMEWORK_SEARCH_PATHS = "";
				GCC_C_LANGUAGE_STANDARD = "compiler-default";
				GCC_ENABLE_FIX_AND_CONTINUE = NO;
				GCC_ENABLE_TRIGRAPHS = NO;
				GCC_GENERATE_DEBUGGING_SYMBOLS = NO;
				GCC_PRECOMPILE_PREFIX_HEADER = YES;
				GCC_PREFIX_HEADER = "";
				GCC_VERSION = "";
				GCC_WARN_ABOUT_MISSING_PROTOTYPES = NO;
				GCC_WARN_FOUR_CHARACTER_CONSTANTS = NO;
				GCC_WARN_UNKNOWN_PRAGMAS = NO;
				HEADER_SEARCH_PATHS = (
					"include/soci-darwin/include/**",
					include,
				);
				INFOPLIST_FILE = Info.plist;
				INSTALL_PATH = "$(HOME)/Library/Bundles";
				LIBRARY_SEARCH_PATHS = (
					"$(inherited)",
					"$(PROJECT_DIR)/a",
					"$(SDKROOT)/usr/lib/i18n",
				);
				LIBRARY_STYLE = Bundle;
				MACOSX_DEPLOYMENT_TARGET = 11.5;
				MARKETING_VERSION = 1.0.2;
				OTHER_CFLAGS = "";
				OTHER_LDFLAGS = "";
				OTHER_REZFLAGS = "";
				PRODUCT_BUNDLE_IDENTIFIER = com.4D.SOCI;
				PRODUCT_NAME = SOCI;
				PROVISIONING_PROFILE_SPECIFIER = "";
				SDKROOT = macosx;
				SECTORDER_FLAGS = "";
				SYSTEM_HEADER_SEARCH_PATHS = "include/soci-darwin/include/**";
				WARNING_CFLAGS = (
					"-Wmost",
					"-Wno-four-char-constants",
					"-Wno-unknown-pragmas",
				);
				WRAPPER_EXTENSION = bundle;
				ZERO_LINK = NO;
			};
			name = Deployment;
		};
		42D60B420A9DDBC8002ABB42 /* Default */ = {
			isa = XCBuildConfiguration;
			buildSettings = {
				ALWAYS_SEARCH_USER_PATHS = NO;
				CLANG_CXX_LANGUAGE_STANDARD = "c++17";
				CLANG_CXX_LIBRARY = "libc++";
				CLANG_LINK_OBJC_RUNTIME = NO;
				CODE_SIGN_IDENTITY = "Developer ID Application";
				CODE_SIGN_STYLE = Manual;
				COMBINE_HIDPI_IMAGES = YES;
				DEPLOYMENT_LOCATION = NO;
				DEVELOPMENT_TEAM = Y69CWUC25B;
				FRAMEWORK_SEARCH_PATHS = "";
				GCC_C_LANGUAGE_STANDARD = "compiler-default";
				GCC_ENABLE_TRIGRAPHS = NO;
				GCC_GENERATE_DEBUGGING_SYMBOLS = NO;
				GCC_PRECOMPILE_PREFIX_HEADER = YES;
				GCC_PREFIX_HEADER = "";
				GCC_VERSION = "";
				GCC_WARN_ABOUT_MISSING_PROTOTYPES = NO;
				GCC_WARN_FOUR_CHARACTER_CONSTANTS = NO;
				GCC_WARN_UNKNOWN_PRAGMAS = NO;
				HEADER_SEARCH_PATHS = (
					"include/soci-darwin/include/**",
					include,
				);
				INFOPLIST_FILE = Info.plist;
				INSTALL_PATH = "$(HOME)/Library/Bundles";
				LIBRARY_SEARCH_PATHS = (
					"$(inherited)",
					"$(PROJECT_DIR)/a",
					"$(SDKROOT)/usr/lib/i18n",
				);
				LIBRARY_STYLE = Bundle;
				MACOSX_DEPLOYMENT_TARGET = 11.5;
				MARKETING_VERSION = 1.0.2;
				OTHER_CFLAGS = "";
				OTHER_LDFLAGS = "";
				OTHER_REZFLAGS = "";
				PRODUCT_BUNDLE_IDENTIFIER = com.4D.SOCI;
				PRODUCT_NAME = SOCI;
				PROVISIONING_PROFILE_SPECIFIER = "";
				SDKROOT = macosx;
				SECTORDER_FLAGS = "";
				SYSTEM_HEADER_SEARCH_PATHS = "include/soci-darwin/include/**";
				WARNING_CFLAGS = (
					"-Wmost",
					"-Wno-four-char-constants",
					"-Wno-unknown-pragmas",
				);
				WRAPPER_EXTENSION = bundle;
			};
			name = Default;
		};
		42D60B440A9DDBC8002ABB42 /* Development */ = {
			isa = XCBuildConfiguration;
			buildSettings = {
				ALWAYS_SEARCH_USER_PATHS = NO;
				ARCHS = "$(ARCHS_STANDARD)";
				CLANG_CXX_LIBRARY = "libc++";
				CLANG_WARN_BLOCK_CAPTURE_AUTORELEASING = YES;
				CLANG_WARN_BOOL_CONVERSION = YES;
				CLANG_WARN_COMMA = YES;
				CLANG_WARN_CONSTANT_CONVERSION = YES;
				CLANG_WARN_DEPRECATED_OBJC_IMPLEMENTATIONS = YES;
				CLANG_WARN_EMPTY_BODY = YES;
				CLANG_WARN_ENUM_CONVERSION = YES;
				CLANG_WARN_INFINITE_RECURSION = YES;
				CLANG_WARN_INT_CONVERSION = YES;
				CLANG_WARN_NON_LITERAL_NULL_CONVERSION = YES;
				CLANG_WARN_OBJC_IMPLICIT_RETAIN_SELF = YES;
				CLANG_WARN_OBJC_LITERAL_CONVERSION = YES;
				CLANG_WARN_RANGE_LOOP_ANALYSIS = YES;
				CLANG_WARN_STRICT_PROTOTYPES = YES;
				CLANG_WARN_SUSPICIOUS_MOVE = YES;
				CLANG_WARN_UNREACHABLE_CODE = YES;
				CLANG_WARN__DUPLICATE_METHOD_MATCH = YES;
				CODE_SIGN_IDENTITY = "Developer ID Application";
				CODE_SIGN_STYLE = Manual;
				CONFIGURATION_BUILD_DIR = "$(BUILD_DIR)";
				DEVELOPMENT_TEAM = Y69CWUC25B;
				ENABLE_STRICT_OBJC_MSGSEND = YES;
				GCC_INLINES_ARE_PRIVATE_EXTERN = YES;
				GCC_NO_COMMON_BLOCKS = YES;
				GCC_SYMBOLS_PRIVATE_EXTERN = YES;
				GCC_VERSION = "";
				GCC_WARN_64_TO_32_BIT_CONVERSION = YES;
				GCC_WARN_ABOUT_RETURN_TYPE = YES;
				GCC_WARN_UNDECLARED_SELECTOR = YES;
				GCC_WARN_UNINITIALIZED_AUTOS = YES;
				GCC_WARN_UNUSED_FUNCTION = YES;
				GCC_WARN_UNUSED_VARIABLE = YES;
				HEADER_SEARCH_PATHS = "include/soci-darwin/include/**";
				LIBRARY_SEARCH_PATHS = a;
				MACOSX_DEPLOYMENT_TARGET = 11.5;
				OBJROOT = "$(SRCROOT)/build";
				SDKROOT = macosx;
				SYMROOT = "$(SRCROOT)/test/Plugins";
				SYSTEM_HEADER_SEARCH_PATHS = "include/soci-darwin/include/**";
			};
			name = Development;
		};
		42D60B450A9DDBC8002ABB42 /* Deployment */ = {
			isa = XCBuildConfiguration;
			buildSettings = {
				ALWAYS_SEARCH_USER_PATHS = NO;
				ARCHS = "$(ARCHS_STANDARD)";
				CLANG_CXX_LIBRARY = "libc++";
				CLANG_WARN_BLOCK_CAPTURE_AUTORELEASING = YES;
				CLANG_WARN_BOOL_CONVERSION = YES;
				CLANG_WARN_COMMA = YES;
				CLANG_WARN_CONSTANT_CONVERSION = YES;
				CLANG_WARN_DEPRECATED_OBJC_IMPLEMENTATIONS = YES;
				CLANG_WARN_EMPTY_BODY = YES;
				CLANG_WARN_ENUM_CONVERSION = YES;
				CLANG_WARN_INFINITE_RECURSION = YES;
				CLANG_WARN_INT_CONVERSION = YES;
				CLANG_WARN_NON_LITERAL_NULL_CONVERSION = YES;
				CLANG_WARN_OBJC_IMPLICIT_RETAIN_SELF = YES;
				CLANG_WARN_OBJC_LITERAL_CONVERSION = YES;
				CLANG_WARN_RANGE_LOOP_ANALYSIS = YES;
				CLANG_WARN_STRICT_PROTOTYPES = YES;
				CLANG_WARN_SUSPICIOUS_MOVE = YES;
				CLANG_WARN_UNREACHABLE_CODE = YES;
				CLANG_WARN__DUPLICATE_METHOD_MATCH = YES;
				CODE_SIGN_IDENTITY = "Developer ID Application";
				CODE_SIGN_STYLE = Manual;
				CONFIGURATION_BUILD_DIR = "$(BUILD_DIR)";
				DEVELOPMENT_TEAM = Y69CWUC25B;
				ENABLE_STRICT_OBJC_MSGSEND = YES;
				GCC_INLINES_ARE_PRIVATE_EXTERN = YES;
				GCC_NO_COMMON_BLOCKS = YES;
				GCC_SYMBOLS_PRIVATE_EXTERN = YES;
				GCC_VERSION = "";
				GCC_WARN_64_TO_32_BIT_CONVERSION = YES;
				GCC_WARN_ABOUT_RETURN_TYPE = YES;
				GCC_WARN_UNDECLARED_SELECTOR = YES;
				GCC_WARN_UNINITIALIZED_AUTOS = YES;
				GCC_WARN_UNUSED_FUNCTION = YES;
				GCC_WARN_UNUSED_VARIABLE = YES;
				HEADER_SEARCH_PATHS = "include/soci-darwin/include/**";
				LIBRARY_SEARCH_PATHS = a;
				MACOSX_DEPLOYMENT_TARGET = 11.5;
				OBJROOT = "$(SRCROOT)/build";
				SDKROOT = macosx;
				SYMROOT = "$(SRCROOT)/test/Plugins";
				SYSTEM_HEADER_SEARCH_PATHS = "include/soci-darwin/include/**";
			};
			name = Deployment;
		};
		42D60B460A9DDBC8002ABB42 /* Default */ = {
			isa = XCBuildConfiguration;
			buildSettings = {
				ALWAYS_SEARCH_USER_PATHS = NO;
				ARCHS = "$(ARCHS_STANDARD)";
				CLANG_CXX_LIBRARY = "libc++";
				CLANG_WARN_BLOCK_CAPTURE_AUTORELEASING = YES;
				CLANG_WARN_BOOL_CONVERSION = YES;
				CLANG_WARN_COMMA = YES;
				CLANG_WARN_CONSTANT_CONVERSION = YES;
				CLANG_WARN_DEPRECATED_OBJC_IMPLEMENTATIONS = YES;
				CLANG_WARN_EMPTY_BODY = YES;
				CLANG_WARN_ENUM_CONVERSION = YES;
				CLANG_WARN_INFINITE_RECURSION = YES;
				CLANG_WARN_INT_CONVERSION = YES;
				CLANG_WARN_NON_LITERAL_NULL_CONVERSION = YES;
				CLANG_WARN_OBJC_IMPLICIT_RETAIN_SELF = YES;
				CLANG_WARN_OBJC_LITERAL_CONVERSION = YES;
				CLANG_WARN_RANGE_LOOP_ANALYSIS = YES;
				CLANG_WARN_STRICT_PROTOTYPES = YES;
				CLANG_WARN_SUSPICIOUS_MOVE = YES;
				CLANG_WARN_UNREACHABLE_CODE = YES;
				CLANG_WARN__DUPLICATE_METHOD_MATCH = YES;
				CODE_SIGN_IDENTITY = "Developer ID Application";
				CODE_SIGN_STYLE = Manual;
				CONFIGURATION_BUILD_DIR = "$(BUILD_DIR)";
				DEVELOPMENT_TEAM = Y69CWUC25B;
				ENABLE_STRICT_OBJC_MSGSEND = YES;
				GCC_INLINES_ARE_PRIVATE_EXTERN = YES;
				GCC_NO_COMMON_BLOCKS = YES;
				GCC_SYMBOLS_PRIVATE_EXTERN = YES;
				GCC_VERSION = "";
				GCC_WARN_64_TO_32_BIT_CONVERSION = YES;
				GCC_WARN_ABOUT_RETURN_TYPE = YES;
				GCC_WARN_UNDECLARED_SELECTOR = YES;
				GCC_WARN_UNINITIALIZED_AUTOS = YES;
				GCC_WARN_UNUSED_FUNCTION = YES;
				GCC_WARN_UNUSED_VARIABLE = YES;
				HEADER_SEARCH_PATHS = "include/soci-darwin/include/**";
				LIBRARY_SEARCH_PATHS = a;
				MACOSX_DEPLOYMENT_TARGET = 11.5;
				SDKROOT = macosx;
				SYMROOT = "$(SRCROOT)/test/Plugins";
				SYSTEM_HEADER_SEARCH_PATHS = "include/soci-darwin/include/**";
			};
			name = Default;
		};
/* End XCBuildConfiguration section */

/* Begin XCConfigurationList section */
		42D60B3F0A9DDBC8002ABB42 /* Build configuration list for PBXNativeTarget "SOCI" */ = {
			isa = XCConfigurationList;
			buildConfigurations = (
				42D60B400A9DDBC8002ABB42 /* Development */,
				42D60B410A9DDBC8002ABB42 /* Deployment */,
				42D60B420A9DDBC8002ABB42 /* Default */,
			);
			defaultConfigurationIsVisible = 0;
			defaultConfigurationName = Default;
		};
		42D60B430A9DDBC8002ABB42 /* Build configuration list for PBXProject "SOCI" */ = {
			isa = XCConfigurationList;
			buildConfigurations = (
				42D60B440A9DDBC8002ABB42 /* Development */,
				42D60B450A9DDBC8002ABB42 /* Deployment */,
				42D60B460A9DDBC8002ABB42 /* Default */,
			);
			defaultConfigurationIsVisible = 0;
			defaultConfigurationName = Default;
		};
/* End XCConfigurationList section */
	};
	rootObject = 089C1669FE841209C02AAC07 /* Project object */;
}
